
Microsoft Visual Studio Solution File, Format Version 12.00
# Visual Studio Version 17
VisualStudioVersion = 17.4.33213.308
MinimumVisualStudioVersion = 10.0.40219.1
Project("{9A19103F-16F7-4668-BE54-9A1E7A4F7556}") = "ManagementLeaveAppCoreMVC6", "ManagementLeaveAppCoreMVC6.csproj", "{FA89EEB1-FF97-437B-9AE6-A34BDE466D17}"
EndProject
Global
	GlobalSection(SolutionConfigurationPlatforms) = preSolution
		Debug|Any CPU = Debug|Any CPU
		Release|Any CPU = Release|Any CPU
	EndGlobalSection
	GlobalSection(ProjectConfigurationPlatforms) = postSolution
		{FA89EEB1-FF97-437B-9AE6-A34BDE466D17}.Debug|Any CPU.ActiveCfg = Debug|Any CPU
		{FA89EEB1-FF97-437B-9AE6-A34BDE466D17}.Debug|Any CPU.Build.0 = Debug|Any CPU
		{FA89EEB1-FF97-437B-9AE6-A34BDE466D17}.Release|Any CPU.ActiveCfg = Release|Any CPU
		{FA89EEB1-FF97-437B-9AE6-A34BDE466D17}.Release|Any CPU.Build.0 = Release|Any CPU
	EndGlobalSection
	GlobalSection(SolutionProperties) = preSolution
		HideSolutionNode = FALSE
	EndGlobalSection
	GlobalSection(ExtensibilityGlobals) = postSolution
		SolutionGuid = {06188766-76AA-4F79-98C4-A3A4BAC57DC5}
	EndGlobalSection
EndGlobal
